
Microsoft Visual Studio Solution File, Format Version 12.00
# Visual Studio Version 16
VisualStudioVersion = 16.0.31105.61
MinimumVisualStudioVersion = 10.0.40219.1
Project("{FAE04EC0-301F-11D3-BF4B-00C04F79EFBC}") = "NumberThreePrimeDivider", "NumberThreePrimeDivider\NumberThreePrimeDivider.csproj", "{20FA5908-8D61-4AA4-8F49-CDEE603B8294}"
EndProject
Project("{FAE04EC0-301F-11D3-BF4B-00C04F79EFBC}") = "EightQueensProblem", "EightQueensProblem\EightQueensProblem.csproj", "{E9BDE870-19C3-41F1-A128-9A1D14675BFB}"
EndProject
Global
	GlobalSection(SolutionConfigurationPlatforms) = preSolution
		Debug|Any CPU = Debug|Any CPU
		Release|Any CPU = Release|Any CPU
	EndGlobalSection
	GlobalSection(ProjectConfigurationPlatforms) = postSolution
		{20FA5908-8D61-4AA4-8F49-CDEE603B8294}.Debug|Any CPU.ActiveCfg = Debug|Any CPU
		{20FA5908-8D61-4AA4-8F49-CDEE603B8294}.Debug|Any CPU.Build.0 = Debug|Any CPU
		{20FA5908-8D61-4AA4-8F49-CDEE603B8294}.Release|Any CPU.ActiveCfg = Release|Any CPU
		{20FA5908-8D61-4AA4-8F49-CDEE603B8294}.Release|Any CPU.Build.0 = Release|Any CPU
		{E9BDE870-19C3-41F1-A128-9A1D14675BFB}.Debug|Any CPU.ActiveCfg = Debug|Any CPU
		{E9BDE870-19C3-41F1-A128-9A1D14675BFB}.Debug|Any CPU.Build.0 = Debug|Any CPU
		{E9BDE870-19C3-41F1-A128-9A1D14675BFB}.Release|Any CPU.ActiveCfg = Release|Any CPU
		{E9BDE870-19C3-41F1-A128-9A1D14675BFB}.Release|Any CPU.Build.0 = Release|Any CPU
	EndGlobalSection
	GlobalSection(SolutionProperties) = preSolution
		HideSolutionNode = FALSE
	EndGlobalSection
	GlobalSection(ExtensibilityGlobals) = postSolution
		SolutionGuid = {770641CA-82C1-41BA-B590-CF0D73FE4A43}
	EndGlobalSection
EndGlobal
